// !$*UTF8*$!
{
	archiveVersion = 1;
	classes = {
	};
	objectVersion = 56;
	objects = {

/* Begin PBXBuildFile section */
		9601D6B629E1D038006624C6 /* collectibleObjects.json in Resources */ = {isa = PBXBuildFile; fileRef = 9601D6B529E1D038006624C6 /* collectibleObjects.json */; };
		9601D6BC29E1D1C7006624C6 /* containerObjects.json in Resources */ = {isa = PBXBuildFile; fileRef = 9601D6BB29E1D1C7006624C6 /* containerObjects.json */; };
		9601D6BF29E1EE59006624C6 /* LevelProtocol.swift in Sources */ = {isa = PBXBuildFile; fileRef = 9601D6BE29E1EE59006624C6 /* LevelProtocol.swift */; };
		9601D6C129E1F00E006624C6 /* playerObject.json in Resources */ = {isa = PBXBuildFile; fileRef = 9601D6C029E1F00E006624C6 /* playerObject.json */; };
		9601D6C329E1F020006624C6 /* npcObjects.json in Resources */ = {isa = PBXBuildFile; fileRef = 9601D6C229E1F020006624C6 /* npcObjects.json */; };
		9601D6C529E22270006624C6 /* LevelObject.swift in Sources */ = {isa = PBXBuildFile; fileRef = 9601D6C429E22270006624C6 /* LevelObject.swift */; };
		9619465F29968760000859C8 /* Game.swift in Sources */ = {isa = PBXBuildFile; fileRef = 9619465E29968760000859C8 /* Game.swift */; };
		961946622996894F000859C8 /* GameWorld.swift in Sources */ = {isa = PBXBuildFile; fileRef = 961946612996894F000859C8 /* GameWorld.swift */; };
		9619466429968F0C000859C8 /* worlds.json in Resources */ = {isa = PBXBuildFile; fileRef = 9619466329968F0C000859C8 /* worlds.json */; };
		9619466A29969407000859C8 /* levels.json in Resources */ = {isa = PBXBuildFile; fileRef = 9619466929969407000859C8 /* levels.json */; };
		9625A9F429E2E29D0089F309 /* Daydream.ttf in Resources */ = {isa = PBXBuildFile; fileRef = 9625A9F329E2E29D0089F309 /* Daydream.ttf */; };
		9625A9F629E2ECBE0089F309 /* LevelCinematic.swift in Sources */ = {isa = PBXBuildFile; fileRef = 9625A9F529E2ECBE0089F309 /* LevelCinematic.swift */; };
		9625A9F829E2ECD30089F309 /* GameCinematic.swift in Sources */ = {isa = PBXBuildFile; fileRef = 9625A9F729E2ECD30089F309 /* GameCinematic.swift */; };
		9625A9FA29E306C40089F309 /* cinematics.json in Resources */ = {isa = PBXBuildFile; fileRef = 9625A9F929E306C40089F309 /* cinematics.json */; };
		9625A9FC29E30D810089F309 /* GameAnimationEffect.swift in Sources */ = {isa = PBXBuildFile; fileRef = 9625A9FB29E30D810089F309 /* GameAnimationEffect.swift */; };
		9625AA0029E457350089F309 /* GameCharacterCinematicAction.swift in Sources */ = {isa = PBXBuildFile; fileRef = 9625A9FF29E457350089F309 /* GameCharacterCinematicAction.swift */; };
		9625AA0229E496910089F309 /* Retro Computer.ttf in Resources */ = {isa = PBXBuildFile; fileRef = 9625AA0129E496910089F309 /* Retro Computer.ttf */; };
		962A0CC129891900004DB446 /* PlatformHourApp.swift in Sources */ = {isa = PBXBuildFile; fileRef = 962A0CC029891900004DB446 /* PlatformHourApp.swift */; };
		962A0CC329891900004DB446 /* ContentView.swift in Sources */ = {isa = PBXBuildFile; fileRef = 962A0CC229891900004DB446 /* ContentView.swift */; };
		962A0CC529891901004DB446 /* Assets.xcassets in Resources */ = {isa = PBXBuildFile; fileRef = 962A0CC429891901004DB446 /* Assets.xcassets */; };
		962A0CC829891901004DB446 /* Preview Assets.xcassets in Resources */ = {isa = PBXBuildFile; fileRef = 962A0CC729891901004DB446 /* Preview Assets.xcassets */; };
		962A0CCF29891B8B004DB446 /* GameScene.swift in Sources */ = {isa = PBXBuildFile; fileRef = 962A0CCE29891B8B004DB446 /* GameScene.swift */; };
		962A0D1829892736004DB446 /* GameControllerManager.swift in Sources */ = {isa = PBXBuildFile; fileRef = 962A0D1729892736004DB446 /* GameControllerManager.swift */; };
		962F255229D0B618007D46B7 /* LevelStructure.swift in Sources */ = {isa = PBXBuildFile; fileRef = 962F255129D0B618007D46B7 /* LevelStructure.swift */; };
		962F255829D17C51007D46B7 /* enemyObjects.json in Resources */ = {isa = PBXBuildFile; fileRef = 962F255729D17C51007D46B7 /* enemyObjects.json */; };
		964435BB29E6ADB200812B7A /* GameCharacterCinematicActionMovement.swift in Sources */ = {isa = PBXBuildFile; fileRef = 964435BA29E6ADB200812B7A /* GameCharacterCinematicActionMovement.swift */; };
		964435BD29E6ADC400812B7A /* GameCharacterCinematicActionEffect.swift in Sources */ = {isa = PBXBuildFile; fileRef = 964435BC29E6ADC400812B7A /* GameCharacterCinematicActionEffect.swift */; };
		964435C629E6F81A00812B7A /* effectObjects.json in Resources */ = {isa = PBXBuildFile; fileRef = 964435C529E6F81900812B7A /* effectObjects.json */; };
		964626BB29CF6F9E00A872A5 /* SpiralStructureConstruct.swift in Sources */ = {isa = PBXBuildFile; fileRef = 964626BA29CF6F9E00A872A5 /* SpiralStructureConstruct.swift */; };
		964626BD29CF6FDA00A872A5 /* SpiralStructurePattern.swift in Sources */ = {isa = PBXBuildFile; fileRef = 964626BC29CF6FDA00A872A5 /* SpiralStructurePattern.swift */; };
		964E7E4829BE6D5F003CE54B /* PlayerInteractionStatus.swift in Sources */ = {isa = PBXBuildFile; fileRef = 964E7E4729BE6D5F003CE54B /* PlayerInteractionStatus.swift */; };
		964E7E4A29C0FE5E003CE54B /* GameEvent.swift in Sources */ = {isa = PBXBuildFile; fileRef = 964E7E4929C0FE5E003CE54B /* GameEvent.swift */; };
		964E7E4C29C1FA24003CE54B /* ControllerButton.swift in Sources */ = {isa = PBXBuildFile; fileRef = 964E7E4B29C1FA24003CE54B /* ControllerButton.swift */; };
		964E7E5029C1FE3B003CE54B /* controllerButtons.json in Resources */ = {isa = PBXBuildFile; fileRef = 964E7E4F29C1FE3B003CE54B /* controllerButtons.json */; };
		964E7E5329C26092003CE54B /* GameObjectAnimation.swift in Sources */ = {isa = PBXBuildFile; fileRef = 964E7E5229C26092003CE54B /* GameObjectAnimation.swift */; };
		964E7E5529C260A5003CE54B /* GameObjectLogic.swift in Sources */ = {isa = PBXBuildFile; fileRef = 964E7E5429C260A5003CE54B /* GameObjectLogic.swift */; };
		964E7E5C29C46240003CE54B /* SoundKey.swift in Sources */ = {isa = PBXBuildFile; fileRef = 964E7E5B29C46240003CE54B /* SoundKey.swift */; };
		964E7E5E29C4624E003CE54B /* NodeKey.swift in Sources */ = {isa = PBXBuildFile; fileRef = 964E7E5D29C4624E003CE54B /* NodeKey.swift */; };
		964E7E6029C4626B003CE54B /* ImageKey.swift in Sources */ = {isa = PBXBuildFile; fileRef = 964E7E5F29C4626B003CE54B /* ImageKey.swift */; };
		964E7E6229C46278003CE54B /* JSONKey.swift in Sources */ = {isa = PBXBuildFile; fileRef = 964E7E6129C46278003CE54B /* JSONKey.swift */; };
		964E7E6429C46291003CE54B /* PlayerConfiguration.swift in Sources */ = {isa = PBXBuildFile; fileRef = 964E7E6329C46291003CE54B /* PlayerConfiguration.swift */; };
		964E7E6829C462D3003CE54B /* GameConfiguration.swift in Sources */ = {isa = PBXBuildFile; fileRef = 964E7E6729C462D3003CE54B /* GameConfiguration.swift */; };
		96540522298C21F800620E76 /* GameObject.swift in Sources */ = {isa = PBXBuildFile; fileRef = 96540521298C21F800620E76 /* GameObject.swift */; };
		96540526298C22EF00620E76 /* importantObjects.json in Resources */ = {isa = PBXBuildFile; fileRef = 96540525298C22EF00620E76 /* importantObjects.json */; };
		96540528298C23B700620E76 /* GameLevel.swift in Sources */ = {isa = PBXBuildFile; fileRef = 96540527298C23B700620E76 /* GameLevel.swift */; };
		9654052C298C249600620E76 /* GameCamera.swift in Sources */ = {isa = PBXBuildFile; fileRef = 9654052B298C249600620E76 /* GameCamera.swift */; };
		96540530298C263E00620E76 /* GameEnvironment.swift in Sources */ = {isa = PBXBuildFile; fileRef = 9654052F298C263E00620E76 /* GameEnvironment.swift */; };
		96540532298C270100620E76 /* GameContent.swift in Sources */ = {isa = PBXBuildFile; fileRef = 96540531298C270100620E76 /* GameContent.swift */; };
		96540536298C27FB00620E76 /* ActionLogic.swift in Sources */ = {isa = PBXBuildFile; fileRef = 96540535298C27FB00620E76 /* ActionLogic.swift */; };
		96B7F80729B5358C001584E3 /* PersistenceController.swift in Sources */ = {isa = PBXBuildFile; fileRef = 96B7F80629B5358C001584E3 /* PersistenceController.swift */; };
		96B7F80A29B535D6001584E3 /* PlatformHour.xcdatamodeld in Sources */ = {isa = PBXBuildFile; fileRef = 96B7F80829B535D6001584E3 /* PlatformHour.xcdatamodeld */; };
		96B7F80E29B788DA001584E3 /* GameCore.swift in Sources */ = {isa = PBXBuildFile; fileRef = 96B7F80D29B788DA001584E3 /* GameCore.swift */; };
		96D60ECF29D77EA300D2C1C3 /* cavernBS.wav in Resources */ = {isa = PBXBuildFile; fileRef = 96D60ECE29D77EA300D2C1C3 /* cavernBS.wav */; };
		96D60EDB29D85EE000D2C1C3 /* cavernBS_2.wav in Resources */ = {isa = PBXBuildFile; fileRef = 96D60EDA29D85EE000D2C1C3 /* cavernBS_2.wav */; };
		96D60EDF29D87D0A00D2C1C3 /* cavernLandSound.wav in Resources */ = {isa = PBXBuildFile; fileRef = 96D60EDE29D87D0A00D2C1C3 /* cavernLandSound.wav */; };
		96D60EE129D87FD800D2C1C3 /* stepSound.wav in Resources */ = {isa = PBXBuildFile; fileRef = 96D60EE029D87FD800D2C1C3 /* stepSound.wav */; };
		96D60EEE29D8A88F00D2C1C3 /* ChimeraBellsÀ.wav in Resources */ = {isa = PBXBuildFile; fileRef = 96D60EE329D8A88F00D2C1C3 /* ChimeraBellsÀ.wav */; };
		96D60EEF29D8A88F00D2C1C3 /* ChimeraBellsK.wav in Resources */ = {isa = PBXBuildFile; fileRef = 96D60EE429D8A88F00D2C1C3 /* ChimeraBellsK.wav */; };
		96D60EF029D8A88F00D2C1C3 /* ChimeraBellsF.wav in Resources */ = {isa = PBXBuildFile; fileRef = 96D60EE529D8A88F00D2C1C3 /* ChimeraBellsF.wav */; };
		96D60EF129D8A88F00D2C1C3 /* ChimeraBellsD.wav in Resources */ = {isa = PBXBuildFile; fileRef = 96D60EE629D8A88F00D2C1C3 /* ChimeraBellsD.wav */; };
		96D60EF229D8A88F00D2C1C3 /* ChimeraBellsS.wav in Resources */ = {isa = PBXBuildFile; fileRef = 96D60EE729D8A88F00D2C1C3 /* ChimeraBellsS.wav */; };
		96D60EF329D8A88F00D2C1C3 /* ChimeraBellsL.wav in Resources */ = {isa = PBXBuildFile; fileRef = 96D60EE829D8A88F00D2C1C3 /* ChimeraBellsL.wav */; };
		96D60EF429D8A88F00D2C1C3 /* ChimeraBellsÒ.wav in Resources */ = {isa = PBXBuildFile; fileRef = 96D60EE929D8A88F00D2C1C3 /* ChimeraBellsÒ.wav */; };
		96D60EF529D8A88F00D2C1C3 /* ChimeraBellsJ.wav in Resources */ = {isa = PBXBuildFile; fileRef = 96D60EEA29D8A88F00D2C1C3 /* ChimeraBellsJ.wav */; };
		96D60EF629D8A88F00D2C1C3 /* ChimeraBellsG.wav in Resources */ = {isa = PBXBuildFile; fileRef = 96D60EEB29D8A88F00D2C1C3 /* ChimeraBellsG.wav */; };
		96D60EF729D8A88F00D2C1C3 /* ChimeraBellsA.wav in Resources */ = {isa = PBXBuildFile; fileRef = 96D60EEC29D8A88F00D2C1C3 /* ChimeraBellsA.wav */; };
		96D60EF829D8A88F00D2C1C3 /* ChimeraBellsH.wav in Resources */ = {isa = PBXBuildFile; fileRef = 96D60EED29D8A88F00D2C1C3 /* ChimeraBellsH.wav */; };
		96D60F0629D99B6500D2C1C3 /* trapObjects.json in Resources */ = {isa = PBXBuildFile; fileRef = 96D60F0529D99B6500D2C1C3 /* trapObjects.json */; };
		96D60F0A29DF3B0000D2C1C3 /* structures.json in Resources */ = {isa = PBXBuildFile; fileRef = 96D60F0929DF3B0000D2C1C3 /* structures.json */; };
		96D60F1729DF60B000D2C1C3 /* PlayerState.swift in Sources */ = {isa = PBXBuildFile; fileRef = 96D60F1629DF60B000D2C1C3 /* PlayerState.swift */; };
		96D60F1929DF640B00D2C1C3 /* StructurePattern.swift in Sources */ = {isa = PBXBuildFile; fileRef = 96D60F1829DF640B00D2C1C3 /* StructurePattern.swift */; };
		96D60F1B29DF659D00D2C1C3 /* SceneConfiguration.swift in Sources */ = {isa = PBXBuildFile; fileRef = 96D60F1A29DF659D00D2C1C3 /* SceneConfiguration.swift */; };
		96D60F2529E0084C00D2C1C3 /* cavern_power_BS.wav in Resources */ = {isa = PBXBuildFile; fileRef = 96D60F2429E0084B00D2C1C3 /* cavern_power_BS.wav */; };
		96D60F2B29E02A0E00D2C1C3 /* Outline Pixel7 Solid.ttf in Resources */ = {isa = PBXBuildFile; fileRef = 96D60F2A29E02A0D00D2C1C3 /* Outline Pixel7 Solid.ttf */; };
		96D60F2D29E02D3500D2C1C3 /* GameConversation.swift in Sources */ = {isa = PBXBuildFile; fileRef = 96D60F2C29E02D3500D2C1C3 /* GameConversation.swift */; };
		96D60F2F29E03F1500D2C1C3 /* LevelConversation.swift in Sources */ = {isa = PBXBuildFile; fileRef = 96D60F2E29E03F1500D2C1C3 /* LevelConversation.swift */; };
		96D60F3229E0400100D2C1C3 /* conversations.json in Resources */ = {isa = PBXBuildFile; fileRef = 96D60F3129E0400100D2C1C3 /* conversations.json */; };
		96D60F3429E04F9600D2C1C3 /* characters.json in Resources */ = {isa = PBXBuildFile; fileRef = 96D60F3329E04F9600D2C1C3 /* characters.json */; };
		96D60F3629E0544300D2C1C3 /* GameCharacter.swift in Sources */ = {isa = PBXBuildFile; fileRef = 96D60F3529E0544300D2C1C3 /* GameCharacter.swift */; };
		96D60F3829E05F1F00D2C1C3 /* GameCharacterDialog.swift in Sources */ = {isa = PBXBuildFile; fileRef = 96D60F3729E05F1F00D2C1C3 /* GameCharacterDialog.swift */; };
		96D60F3A29E171B000D2C1C3 /* LevelBackground.swift in Sources */ = {isa = PBXBuildFile; fileRef = 96D60F3929E171B000D2C1C3 /* LevelBackground.swift */; };
		96D60F4229E19AB700D2C1C3 /* TextTypingSound.wav in Resources */ = {isa = PBXBuildFile; fileRef = 96D60F4129E19AB700D2C1C3 /* TextTypingSound.wav */; };
		96D60F4429E19E0E00D2C1C3 /* Water Music.wav in Resources */ = {isa = PBXBuildFile; fileRef = 96D60F4329E19E0E00D2C1C3 /* Water Music.wav */; };
		96EE969B298FB1A000273A9D /* GameLogic.swift in Sources */ = {isa = PBXBuildFile; fileRef = 96EE969A298FB1A000273A9D /* GameLogic.swift */; };
		96EE96A6298FCE9E00273A9D /* GameSound.swift in Sources */ = {isa = PBXBuildFile; fileRef = 96EE96A5298FCE9E00273A9D /* GameSound.swift */; };
		96EE96B5298FF9BB00273A9D /* GameState.swift in Sources */ = {isa = PBXBuildFile; fileRef = 96EE96B4298FF9BB00273A9D /* GameState.swift */; };
		96EE96B929900E2B00273A9D /* GameHUD.swift in Sources */ = {isa = PBXBuildFile; fileRef = 96EE96B829900E2B00273A9D /* GameHUD.swift */; };
		96EE96BC2990143F00273A9D /* BugFile.swift in Sources */ = {isa = PBXBuildFile; fileRef = 96EE96BB2990143F00273A9D /* BugFile.swift */; };
		96EE977B299420A200273A9D /* PlayfulKit in Frameworks */ = {isa = PBXBuildFile; productRef = 96EE977A299420A200273A9D /* PlayfulKit */; };
		96FE62A1298AD81A00B2C614 /* Player.swift in Sources */ = {isa = PBXBuildFile; fileRef = 96FE62A0298AD81A00B2C614 /* Player.swift */; };
		96FE62B0298BAFAD00B2C614 /* GameCollision.swift in Sources */ = {isa = PBXBuildFile; fileRef = 96FE62AF298BAFAD00B2C614 /* GameCollision.swift */; };
		96FE62B5298BCF0B00B2C614 /* GameAnimation.swift in Sources */ = {isa = PBXBuildFile; fileRef = 96FE62B4298BCF0B00B2C614 /* GameAnimation.swift */; };
		96FE6314298C1E1600B2C614 /* CollisionLogic.swift in Sources */ = {isa = PBXBuildFile; fileRef = 96FE6313298C1E1600B2C614 /* CollisionLogic.swift */; };
/* End PBXBuildFile section */

/* Begin PBXFileReference section */
		9601D6B529E1D038006624C6 /* collectibleObjects.json */ = {isa = PBXFileReference; lastKnownFileType = text.json; path = collectibleObjects.json; sourceTree = "<group>"; };
		9601D6BB29E1D1C7006624C6 /* containerObjects.json */ = {isa = PBXFileReference; lastKnownFileType = text.json; path = containerObjects.json; sourceTree = "<group>"; };
		9601D6BE29E1EE59006624C6 /* LevelProtocol.swift */ = {isa = PBXFileReference; lastKnownFileType = sourcecode.swift; path = LevelProtocol.swift; sourceTree = "<group>"; };
		9601D6C029E1F00E006624C6 /* playerObject.json */ = {isa = PBXFileReference; lastKnownFileType = text.json; path = playerObject.json; sourceTree = "<group>"; };
		9601D6C229E1F020006624C6 /* npcObjects.json */ = {isa = PBXFileReference; lastKnownFileType = text.json; path = npcObjects.json; sourceTree = "<group>"; };
		9601D6C429E22270006624C6 /* LevelObject.swift */ = {isa = PBXFileReference; lastKnownFileType = sourcecode.swift; path = LevelObject.swift; sourceTree = "<group>"; };
		9619465E29968760000859C8 /* Game.swift */ = {isa = PBXFileReference; lastKnownFileType = sourcecode.swift; path = Game.swift; sourceTree = "<group>"; };
		961946612996894F000859C8 /* GameWorld.swift */ = {isa = PBXFileReference; lastKnownFileType = sourcecode.swift; path = GameWorld.swift; sourceTree = "<group>"; };
		9619466329968F0C000859C8 /* worlds.json */ = {isa = PBXFileReference; lastKnownFileType = text.json; path = worlds.json; sourceTree = "<group>"; };
		9619466929969407000859C8 /* levels.json */ = {isa = PBXFileReference; lastKnownFileType = text.json; path = levels.json; sourceTree = "<group>"; };
		9625A9F329E2E29D0089F309 /* Daydream.ttf */ = {isa = PBXFileReference; lastKnownFileType = file; path = Daydream.ttf; sourceTree = "<group>"; };
		9625A9F529E2ECBE0089F309 /* LevelCinematic.swift */ = {isa = PBXFileReference; lastKnownFileType = sourcecode.swift; path = LevelCinematic.swift; sourceTree = "<group>"; };
		9625A9F729E2ECD30089F309 /* GameCinematic.swift */ = {isa = PBXFileReference; lastKnownFileType = sourcecode.swift; path = GameCinematic.swift; sourceTree = "<group>"; };
		9625A9F929E306C40089F309 /* cinematics.json */ = {isa = PBXFileReference; lastKnownFileType = text.json; path = cinematics.json; sourceTree = "<group>"; };
		9625A9FB29E30D810089F309 /* GameAnimationEffect.swift */ = {isa = PBXFileReference; lastKnownFileType = sourcecode.swift; path = GameAnimationEffect.swift; sourceTree = "<group>"; };
		9625A9FF29E457350089F309 /* GameCharacterCinematicAction.swift */ = {isa = PBXFileReference; lastKnownFileType = sourcecode.swift; path = GameCharacterCinematicAction.swift; sourceTree = "<group>"; };
		9625AA0129E496910089F309 /* Retro Computer.ttf */ = {isa = PBXFileReference; lastKnownFileType = file; path = "Retro Computer.ttf"; sourceTree = "<group>"; };
		962A0CBD29891900004DB446 /* PlatformHour.app */ = {isa = PBXFileReference; explicitFileType = wrapper.application; includeInIndex = 0; path = PlatformHour.app; sourceTree = BUILT_PRODUCTS_DIR; };
		962A0CC029891900004DB446 /* PlatformHourApp.swift */ = {isa = PBXFileReference; lastKnownFileType = sourcecode.swift; path = PlatformHourApp.swift; sourceTree = "<group>"; };
		962A0CC229891900004DB446 /* ContentView.swift */ = {isa = PBXFileReference; lastKnownFileType = sourcecode.swift; path = ContentView.swift; sourceTree = "<group>"; };
		962A0CC429891901004DB446 /* Assets.xcassets */ = {isa = PBXFileReference; lastKnownFileType = folder.assetcatalog; path = Assets.xcassets; sourceTree = "<group>"; };
		962A0CC729891901004DB446 /* Preview Assets.xcassets */ = {isa = PBXFileReference; lastKnownFileType = folder.assetcatalog; path = "Preview Assets.xcassets"; sourceTree = "<group>"; };
		962A0CCE29891B8B004DB446 /* GameScene.swift */ = {isa = PBXFileReference; lastKnownFileType = sourcecode.swift; path = GameScene.swift; sourceTree = "<group>"; };
		962A0D1729892736004DB446 /* GameControllerManager.swift */ = {isa = PBXFileReference; lastKnownFileType = sourcecode.swift; path = GameControllerManager.swift; sourceTree = "<group>"; };
		962F255129D0B618007D46B7 /* LevelStructure.swift */ = {isa = PBXFileReference; lastKnownFileType = sourcecode.swift; path = LevelStructure.swift; sourceTree = "<group>"; };
		962F255729D17C51007D46B7 /* enemyObjects.json */ = {isa = PBXFileReference; lastKnownFileType = text.json; path = enemyObjects.json; sourceTree = "<group>"; };
		964435BA29E6ADB200812B7A /* GameCharacterCinematicActionMovement.swift */ = {isa = PBXFileReference; lastKnownFileType = sourcecode.swift; path = GameCharacterCinematicActionMovement.swift; sourceTree = "<group>"; };
		964435BC29E6ADC400812B7A /* GameCharacterCinematicActionEffect.swift */ = {isa = PBXFileReference; lastKnownFileType = sourcecode.swift; path = GameCharacterCinematicActionEffect.swift; sourceTree = "<group>"; };
		964435C529E6F81900812B7A /* effectObjects.json */ = {isa = PBXFileReference; lastKnownFileType = text.json; path = effectObjects.json; sourceTree = "<group>"; };
		964626BA29CF6F9E00A872A5 /* SpiralStructureConstruct.swift */ = {isa = PBXFileReference; lastKnownFileType = sourcecode.swift; path = SpiralStructureConstruct.swift; sourceTree = "<group>"; };
		964626BC29CF6FDA00A872A5 /* SpiralStructurePattern.swift */ = {isa = PBXFileReference; lastKnownFileType = sourcecode.swift; path = SpiralStructurePattern.swift; sourceTree = "<group>"; };
		964E7E4729BE6D5F003CE54B /* PlayerInteractionStatus.swift */ = {isa = PBXFileReference; lastKnownFileType = sourcecode.swift; path = PlayerInteractionStatus.swift; sourceTree = "<group>"; };
		964E7E4929C0FE5E003CE54B /* GameEvent.swift */ = {isa = PBXFileReference; lastKnownFileType = sourcecode.swift; path = GameEvent.swift; sourceTree = "<group>"; };
		964E7E4B29C1FA24003CE54B /* ControllerButton.swift */ = {isa = PBXFileReference; lastKnownFileType = sourcecode.swift; path = ControllerButton.swift; sourceTree = "<group>"; };
		964E7E4F29C1FE3B003CE54B /* controllerButtons.json */ = {isa = PBXFileReference; lastKnownFileType = text.json; path = controllerButtons.json; sourceTree = "<group>"; };
		964E7E5229C26092003CE54B /* GameObjectAnimation.swift */ = {isa = PBXFileReference; lastKnownFileType = sourcecode.swift; path = GameObjectAnimation.swift; sourceTree = "<group>"; };
		964E7E5429C260A5003CE54B /* GameObjectLogic.swift */ = {isa = PBXFileReference; lastKnownFileType = sourcecode.swift; path = GameObjectLogic.swift; sourceTree = "<group>"; };
		964E7E5B29C46240003CE54B /* SoundKey.swift */ = {isa = PBXFileReference; lastKnownFileType = sourcecode.swift; path = SoundKey.swift; sourceTree = "<group>"; };
		964E7E5D29C4624E003CE54B /* NodeKey.swift */ = {isa = PBXFileReference; lastKnownFileType = sourcecode.swift; path = NodeKey.swift; sourceTree = "<group>"; };
		964E7E5F29C4626B003CE54B /* ImageKey.swift */ = {isa = PBXFileReference; lastKnownFileType = sourcecode.swift; path = ImageKey.swift; sourceTree = "<group>"; };
		964E7E6129C46278003CE54B /* JSONKey.swift */ = {isa = PBXFileReference; lastKnownFileType = sourcecode.swift; path = JSONKey.swift; sourceTree = "<group>"; };
		964E7E6329C46291003CE54B /* PlayerConfiguration.swift */ = {isa = PBXFileReference; lastKnownFileType = sourcecode.swift; path = PlayerConfiguration.swift; sourceTree = "<group>"; };
		964E7E6729C462D3003CE54B /* GameConfiguration.swift */ = {isa = PBXFileReference; lastKnownFileType = sourcecode.swift; path = GameConfiguration.swift; sourceTree = "<group>"; };
		96540521298C21F800620E76 /* GameObject.swift */ = {isa = PBXFileReference; lastKnownFileType = sourcecode.swift; path = GameObject.swift; sourceTree = "<group>"; };
		96540525298C22EF00620E76 /* importantObjects.json */ = {isa = PBXFileReference; lastKnownFileType = text.json; path = importantObjects.json; sourceTree = "<group>"; };
		96540527298C23B700620E76 /* GameLevel.swift */ = {isa = PBXFileReference; lastKnownFileType = sourcecode.swift; path = GameLevel.swift; sourceTree = "<group>"; };
		9654052B298C249600620E76 /* GameCamera.swift */ = {isa = PBXFileReference; lastKnownFileType = sourcecode.swift; path = GameCamera.swift; sourceTree = "<group>"; };
		9654052F298C263E00620E76 /* GameEnvironment.swift */ = {isa = PBXFileReference; lastKnownFileType = sourcecode.swift; path = GameEnvironment.swift; sourceTree = "<group>"; };
		96540531298C270100620E76 /* GameContent.swift */ = {isa = PBXFileReference; lastKnownFileType = sourcecode.swift; path = GameContent.swift; sourceTree = "<group>"; };
		96540535298C27FB00620E76 /* ActionLogic.swift */ = {isa = PBXFileReference; lastKnownFileType = sourcecode.swift; path = ActionLogic.swift; sourceTree = "<group>"; };
		96540539298C339800620E76 /* Info.plist */ = {isa = PBXFileReference; lastKnownFileType = text.plist.xml; path = Info.plist; sourceTree = "<group>"; };
		96B7F80629B5358C001584E3 /* PersistenceController.swift */ = {isa = PBXFileReference; lastKnownFileType = sourcecode.swift; path = PersistenceController.swift; sourceTree = "<group>"; };
		96B7F80929B535D6001584E3 /* PlatformHour.xcdatamodel */ = {isa = PBXFileReference; lastKnownFileType = wrapper.xcdatamodel; path = PlatformHour.xcdatamodel; sourceTree = "<group>"; };
		96B7F80D29B788DA001584E3 /* GameCore.swift */ = {isa = PBXFileReference; lastKnownFileType = sourcecode.swift; path = GameCore.swift; sourceTree = "<group>"; };
		96D60ECE29D77EA300D2C1C3 /* cavernBS.wav */ = {isa = PBXFileReference; lastKnownFileType = audio.wav; path = cavernBS.wav; sourceTree = "<group>"; };
		96D60EDA29D85EE000D2C1C3 /* cavernBS_2.wav */ = {isa = PBXFileReference; lastKnownFileType = audio.wav; path = cavernBS_2.wav; sourceTree = "<group>"; };
		96D60EDE29D87D0A00D2C1C3 /* cavernLandSound.wav */ = {isa = PBXFileReference; lastKnownFileType = audio.wav; path = cavernLandSound.wav; sourceTree = "<group>"; };
		96D60EE029D87FD800D2C1C3 /* stepSound.wav */ = {isa = PBXFileReference; lastKnownFileType = audio.wav; path = stepSound.wav; sourceTree = "<group>"; };
		96D60EE329D8A88F00D2C1C3 /* ChimeraBellsÀ.wav */ = {isa = PBXFileReference; lastKnownFileType = audio.wav; path = "ChimeraBellsÀ.wav"; sourceTree = "<group>"; };
		96D60EE429D8A88F00D2C1C3 /* ChimeraBellsK.wav */ = {isa = PBXFileReference; lastKnownFileType = audio.wav; path = ChimeraBellsK.wav; sourceTree = "<group>"; };
		96D60EE529D8A88F00D2C1C3 /* ChimeraBellsF.wav */ = {isa = PBXFileReference; lastKnownFileType = audio.wav; path = ChimeraBellsF.wav; sourceTree = "<group>"; };
		96D60EE629D8A88F00D2C1C3 /* ChimeraBellsD.wav */ = {isa = PBXFileReference; lastKnownFileType = audio.wav; path = ChimeraBellsD.wav; sourceTree = "<group>"; };
		96D60EE729D8A88F00D2C1C3 /* ChimeraBellsS.wav */ = {isa = PBXFileReference; lastKnownFileType = audio.wav; path = ChimeraBellsS.wav; sourceTree = "<group>"; };
		96D60EE829D8A88F00D2C1C3 /* ChimeraBellsL.wav */ = {isa = PBXFileReference; lastKnownFileType = audio.wav; path = ChimeraBellsL.wav; sourceTree = "<group>"; };
		96D60EE929D8A88F00D2C1C3 /* ChimeraBellsÒ.wav */ = {isa = PBXFileReference; lastKnownFileType = audio.wav; path = "ChimeraBellsÒ.wav"; sourceTree = "<group>"; };
		96D60EEA29D8A88F00D2C1C3 /* ChimeraBellsJ.wav */ = {isa = PBXFileReference; lastKnownFileType = audio.wav; path = ChimeraBellsJ.wav; sourceTree = "<group>"; };
		96D60EEB29D8A88F00D2C1C3 /* ChimeraBellsG.wav */ = {isa = PBXFileReference; lastKnownFileType = audio.wav; path = ChimeraBellsG.wav; sourceTree = "<group>"; };
		96D60EEC29D8A88F00D2C1C3 /* ChimeraBellsA.wav */ = {isa = PBXFileReference; lastKnownFileType = audio.wav; path = ChimeraBellsA.wav; sourceTree = "<group>"; };
		96D60EED29D8A88F00D2C1C3 /* ChimeraBellsH.wav */ = {isa = PBXFileReference; lastKnownFileType = audio.wav; path = ChimeraBellsH.wav; sourceTree = "<group>"; };
		96D60F0529D99B6500D2C1C3 /* trapObjects.json */ = {isa = PBXFileReference; lastKnownFileType = text.json; path = trapObjects.json; sourceTree = "<group>"; };
		96D60F0929DF3B0000D2C1C3 /* structures.json */ = {isa = PBXFileReference; lastKnownFileType = text.json; path = structures.json; sourceTree = "<group>"; };
		96D60F1629DF60B000D2C1C3 /* PlayerState.swift */ = {isa = PBXFileReference; lastKnownFileType = sourcecode.swift; path = PlayerState.swift; sourceTree = "<group>"; };
		96D60F1829DF640B00D2C1C3 /* StructurePattern.swift */ = {isa = PBXFileReference; lastKnownFileType = sourcecode.swift; path = StructurePattern.swift; sourceTree = "<group>"; };
		96D60F1A29DF659D00D2C1C3 /* SceneConfiguration.swift */ = {isa = PBXFileReference; lastKnownFileType = sourcecode.swift; path = SceneConfiguration.swift; sourceTree = "<group>"; };
		96D60F2429E0084B00D2C1C3 /* cavern_power_BS.wav */ = {isa = PBXFileReference; lastKnownFileType = audio.wav; path = cavern_power_BS.wav; sourceTree = "<group>"; };
		96D60F2A29E02A0D00D2C1C3 /* Outline Pixel7 Solid.ttf */ = {isa = PBXFileReference; lastKnownFileType = file; path = "Outline Pixel7 Solid.ttf"; sourceTree = "<group>"; };
		96D60F2C29E02D3500D2C1C3 /* GameConversation.swift */ = {isa = PBXFileReference; lastKnownFileType = sourcecode.swift; path = GameConversation.swift; sourceTree = "<group>"; };
		96D60F2E29E03F1500D2C1C3 /* LevelConversation.swift */ = {isa = PBXFileReference; lastKnownFileType = sourcecode.swift; path = LevelConversation.swift; sourceTree = "<group>"; };
		96D60F3129E0400100D2C1C3 /* conversations.json */ = {isa = PBXFileReference; lastKnownFileType = text.json; path = conversations.json; sourceTree = "<group>"; };
		96D60F3329E04F9600D2C1C3 /* characters.json */ = {isa = PBXFileReference; lastKnownFileType = text.json; path = characters.json; sourceTree = "<group>"; };
		96D60F3529E0544300D2C1C3 /* GameCharacter.swift */ = {isa = PBXFileReference; lastKnownFileType = sourcecode.swift; path = GameCharacter.swift; sourceTree = "<group>"; };
		96D60F3729E05F1F00D2C1C3 /* GameCharacterDialog.swift */ = {isa = PBXFileReference; lastKnownFileType = sourcecode.swift; path = GameCharacterDialog.swift; sourceTree = "<group>"; };
		96D60F3929E171B000D2C1C3 /* LevelBackground.swift */ = {isa = PBXFileReference; lastKnownFileType = sourcecode.swift; path = LevelBackground.swift; sourceTree = "<group>"; };
		96D60F4129E19AB700D2C1C3 /* TextTypingSound.wav */ = {isa = PBXFileReference; lastKnownFileType = audio.wav; path = TextTypingSound.wav; sourceTree = "<group>"; };
		96D60F4329E19E0E00D2C1C3 /* Water Music.wav */ = {isa = PBXFileReference; lastKnownFileType = audio.wav; path = "Water Music.wav"; sourceTree = "<group>"; };
		96EE969A298FB1A000273A9D /* GameLogic.swift */ = {isa = PBXFileReference; lastKnownFileType = sourcecode.swift; path = GameLogic.swift; sourceTree = "<group>"; };
		96EE96A5298FCE9E00273A9D /* GameSound.swift */ = {isa = PBXFileReference; lastKnownFileType = sourcecode.swift; path = GameSound.swift; sourceTree = "<group>"; };
		96EE96B4298FF9BB00273A9D /* GameState.swift */ = {isa = PBXFileReference; lastKnownFileType = sourcecode.swift; path = GameState.swift; sourceTree = "<group>"; };
		96EE96B829900E2B00273A9D /* GameHUD.swift */ = {isa = PBXFileReference; lastKnownFileType = sourcecode.swift; path = GameHUD.swift; sourceTree = "<group>"; };
		96EE96BB2990143F00273A9D /* BugFile.swift */ = {isa = PBXFileReference; lastKnownFileType = sourcecode.swift; path = BugFile.swift; sourceTree = "<group>"; };
		96FE62A0298AD81A00B2C614 /* Player.swift */ = {isa = PBXFileReference; lastKnownFileType = sourcecode.swift; path = Player.swift; sourceTree = "<group>"; };
		96FE62AF298BAFAD00B2C614 /* GameCollision.swift */ = {isa = PBXFileReference; lastKnownFileType = sourcecode.swift; path = GameCollision.swift; sourceTree = "<group>"; };
		96FE62B4298BCF0B00B2C614 /* GameAnimation.swift */ = {isa = PBXFileReference; lastKnownFileType = sourcecode.swift; path = GameAnimation.swift; sourceTree = "<group>"; };
		96FE6313298C1E1600B2C614 /* CollisionLogic.swift */ = {isa = PBXFileReference; lastKnownFileType = sourcecode.swift; path = CollisionLogic.swift; sourceTree = "<group>"; };
/* End PBXFileReference section */

/* Begin PBXFrameworksBuildPhase section */
		962A0CBA29891900004DB446 /* Frameworks */ = {
			isa = PBXFrameworksBuildPhase;
			buildActionMask = 2147483647;
			files = (
				96EE977B299420A200273A9D /* PlayfulKit in Frameworks */,
			);
			runOnlyForDeploymentPostprocessing = 0;
		};
/* End PBXFrameworksBuildPhase section */

/* Begin PBXGroup section */
		9601D6B729E1D0E2006624C6 /* Objects */ = {
			isa = PBXGroup;
			children = (
				96540521298C21F800620E76 /* GameObject.swift */,
				964E7E5229C26092003CE54B /* GameObjectAnimation.swift */,
				964E7E5429C260A5003CE54B /* GameObjectLogic.swift */,
			);
			path = Objects;
			sourceTree = "<group>";
		};
		9601D6B829E1D0F6006624C6 /* Others */ = {
			isa = PBXGroup;
			children = (
				9625A9FB29E30D810089F309 /* GameAnimationEffect.swift */,
			);
			path = Others;
			sourceTree = "<group>";
		};
		9601D6B929E1D103006624C6 /* Characters */ = {
			isa = PBXGroup;
			children = (
				96D60F3529E0544300D2C1C3 /* GameCharacter.swift */,
			);
			path = Characters;
			sourceTree = "<group>";
		};
		9601D6BA29E1D11E006624C6 /* Main */ = {
			isa = PBXGroup;
			children = (
				9619465E29968760000859C8 /* Game.swift */,
				96B7F80D29B788DA001584E3 /* GameCore.swift */,
				961946612996894F000859C8 /* GameWorld.swift */,
				96540527298C23B700620E76 /* GameLevel.swift */,
			);
			path = Main;
			sourceTree = "<group>";
		};
		9601D6BD29E1DE81006624C6 /* Commons */ = {
			isa = PBXGroup;
			children = (
				96D60F4129E19AB700D2C1C3 /* TextTypingSound.wav */,
			);
			path = Commons;
			sourceTree = "<group>";
		};
		9619465829968325000859C8 /* Controllers */ = {
			isa = PBXGroup;
			children = (
				962A0D1729892736004DB446 /* GameControllerManager.swift */,
			);
			path = Controllers;
			sourceTree = "<group>";
		};
		961946592996834D000859C8 /* HUD */ = {
			isa = PBXGroup;
			children = (
				96EE96B829900E2B00273A9D /* GameHUD.swift */,
			);
			path = HUD;
			sourceTree = "<group>";
		};
		9619465A29968361000859C8 /* Logic */ = {
			isa = PBXGroup;
			children = (
				96EE969A298FB1A000273A9D /* GameLogic.swift */,
				96540535298C27FB00620E76 /* ActionLogic.swift */,
			);
			path = Logic;
			sourceTree = "<group>";
		};
		9619465D299683C6000859C8 /* Animation */ = {
			isa = PBXGroup;
			children = (
				96FE62B4298BCF0B00B2C614 /* GameAnimation.swift */,
			);
			path = Animation;
			sourceTree = "<group>";
		};
		9625A9FD29E43F7B0089F309 /* Dialog */ = {
			isa = PBXGroup;
			children = (
				96D60F2C29E02D3500D2C1C3 /* GameConversation.swift */,
				96D60F3729E05F1F00D2C1C3 /* GameCharacterDialog.swift */,
			);
			path = Dialog;
			sourceTree = "<group>";
		};
		9625A9FE29E43F800089F309 /* Cinematic */ = {
			isa = PBXGroup;
			children = (
				9625A9F729E2ECD30089F309 /* GameCinematic.swift */,
				9625A9FF29E457350089F309 /* GameCharacterCinematicAction.swift */,
				964435BA29E6ADB200812B7A /* GameCharacterCinematicActionMovement.swift */,
				964435BC29E6ADC400812B7A /* GameCharacterCinematicActionEffect.swift */,
			);
			path = Cinematic;
			sourceTree = "<group>";
		};
		962A0CB429891900004DB446 = {
			isa = PBXGroup;
			children = (
				962A0CBF29891900004DB446 /* PlatformHour */,
				962A0CBE29891900004DB446 /* Products */,
			);
			sourceTree = "<group>";
		};
		962A0CBE29891900004DB446 /* Products */ = {
			isa = PBXGroup;
			children = (
				962A0CBD29891900004DB446 /* PlatformHour.app */,
			);
			name = Products;
			sourceTree = "<group>";
		};
		962A0CBF29891900004DB446 /* PlatformHour */ = {
			isa = PBXGroup;
			children = (
				96EE96BA2990143500273A9D /* BUGS */,
				96EE9699298EB1F500273A9D /* App */,
				96EE9696298EB14C00273A9D /* Supporting Files */,
				9654052A298C248700620E76 /* Core */,
				96FE62A3298AE58900B2C614 /* Scenes */,
				96FE62A9298B8C5200B2C614 /* Models */,
				96EE967A298D8DDB00273A9D /* Resources */,
				962A0CC629891901004DB446 /* Preview Content */,
			);
			path = PlatformHour;
			sourceTree = "<group>";
		};
		962A0CC629891901004DB446 /* Preview Content */ = {
			isa = PBXGroup;
			children = (
				962A0CC729891901004DB446 /* Preview Assets.xcassets */,
			);
			path = "Preview Content";
			sourceTree = "<group>";
		};
		964435BE29E6C78B00812B7A /* Collision */ = {
			isa = PBXGroup;
			children = (
				96FE6313298C1E1600B2C614 /* CollisionLogic.swift */,
				96FE62AF298BAFAD00B2C614 /* GameCollision.swift */,
			);
			path = Collision;
			sourceTree = "<group>";
		};
		964435BF29E6C7A200812B7A /* Sound */ = {
			isa = PBXGroup;
			children = (
				96EE96A5298FCE9E00273A9D /* GameSound.swift */,
			);
			path = Sound;
			sourceTree = "<group>";
		};
		964435C029E6C7C200812B7A /* State */ = {
			isa = PBXGroup;
			children = (
				96EE96B4298FF9BB00273A9D /* GameState.swift */,
			);
			path = State;
			sourceTree = "<group>";
		};
		964435C129E6C7CB00812B7A /* Event */ = {
			isa = PBXGroup;
			children = (
				964E7E4929C0FE5E003CE54B /* GameEvent.swift */,
			);
			path = Event;
			sourceTree = "<group>";
		};
		964435C229E6C7FC00812B7A /* Environment */ = {
			isa = PBXGroup;
			children = (
				9654052F298C263E00620E76 /* GameEnvironment.swift */,
			);
			path = Environment;
			sourceTree = "<group>";
		};
		964435C329E6C80600812B7A /* Content */ = {
			isa = PBXGroup;
			children = (
				96540531298C270100620E76 /* GameContent.swift */,
			);
			path = Content;
			sourceTree = "<group>";
		};
		964435C429E6C81600812B7A /* Camera */ = {
			isa = PBXGroup;
			children = (
				9654052B298C249600620E76 /* GameCamera.swift */,
			);
			path = Camera;
			sourceTree = "<group>";
		};
		964E7E4D29C1FC6A003CE54B /* JSONs */ = {
			isa = PBXGroup;
			children = (
				96D60F3029E03FDD00D2C1C3 /* Miscellaneous */,
				96D60F1029DF570400D2C1C3 /* Core */,
				96D60F1129DF570F00D2C1C3 /* Controls */,
				96D60F1229DF572300D2C1C3 /* Objects */,
				96D60F0B29DF3C3D00D2C1C3 /* Structures */,
			);
			path = JSONs;
			sourceTree = "<group>";
		};
		964E7E5129C20385003CE54B /* Miscellaneous */ = {
			isa = PBXGroup;
			children = (
				964E7E4B29C1FA24003CE54B /* ControllerButton.swift */,
				964626BC29CF6FDA00A872A5 /* SpiralStructurePattern.swift */,
				964626BA29CF6F9E00A872A5 /* SpiralStructureConstruct.swift */,
				96D60F1829DF640B00D2C1C3 /* StructurePattern.swift */,
			);
			path = Miscellaneous;
			sourceTree = "<group>";
		};
		964E7E5A29C46231003CE54B /* Configuration */ = {
			isa = PBXGroup;
			children = (
				964E7E6729C462D3003CE54B /* GameConfiguration.swift */,
				96D60F1C29DF667300D2C1C3 /* Keys */,
				96D60F1D29DF668E00D2C1C3 /* Configurations */,
			);
			path = Configuration;
			sourceTree = "<group>";
		};
		9654052A298C248700620E76 /* Core */ = {
			isa = PBXGroup;
			children = (
				964435C429E6C81600812B7A /* Camera */,
				964435C329E6C80600812B7A /* Content */,
				964435C229E6C7FC00812B7A /* Environment */,
				964435C129E6C7CB00812B7A /* Event */,
				964435C029E6C7C200812B7A /* State */,
				964435BF29E6C7A200812B7A /* Sound */,
				964435BE29E6C78B00812B7A /* Collision */,
				9619465D299683C6000859C8 /* Animation */,
				9619465829968325000859C8 /* Controllers */,
				9619465A29968361000859C8 /* Logic */,
				961946592996834D000859C8 /* HUD */,
			);
			path = Core;
			sourceTree = "<group>";
		};
		96B7F80529B53560001584E3 /* Save */ = {
			isa = PBXGroup;
			children = (
				96B7F80629B5358C001584E3 /* PersistenceController.swift */,
				96B7F80829B535D6001584E3 /* PlatformHour.xcdatamodeld */,
			);
			path = Save;
			sourceTree = "<group>";
		};
		96D60EE229D8A86200D2C1C3 /* Gems */ = {
			isa = PBXGroup;
			children = (
				96D60EEC29D8A88F00D2C1C3 /* ChimeraBellsA.wav */,
				96D60EE329D8A88F00D2C1C3 /* ChimeraBellsÀ.wav */,
				96D60EE629D8A88F00D2C1C3 /* ChimeraBellsD.wav */,
				96D60EE529D8A88F00D2C1C3 /* ChimeraBellsF.wav */,
				96D60EEB29D8A88F00D2C1C3 /* ChimeraBellsG.wav */,
				96D60EED29D8A88F00D2C1C3 /* ChimeraBellsH.wav */,
				96D60EEA29D8A88F00D2C1C3 /* ChimeraBellsJ.wav */,
				96D60EE429D8A88F00D2C1C3 /* ChimeraBellsK.wav */,
				96D60EE829D8A88F00D2C1C3 /* ChimeraBellsL.wav */,
				96D60EE929D8A88F00D2C1C3 /* ChimeraBellsÒ.wav */,
				96D60EE729D8A88F00D2C1C3 /* ChimeraBellsS.wav */,
			);
			path = Gems;
			sourceTree = "<group>";
		};
		96D60F0B29DF3C3D00D2C1C3 /* Structures */ = {
			isa = PBXGroup;
			children = (
				96D60F0929DF3B0000D2C1C3 /* structures.json */,
			);
			path = Structures;
			sourceTree = "<group>";
		};
		96D60F1029DF570400D2C1C3 /* Core */ = {
			isa = PBXGroup;
			children = (
				9619466329968F0C000859C8 /* worlds.json */,
				9619466929969407000859C8 /* levels.json */,
			);
			path = Core;
			sourceTree = "<group>";
		};
		96D60F1129DF570F00D2C1C3 /* Controls */ = {
			isa = PBXGroup;
			children = (
				964E7E4F29C1FE3B003CE54B /* controllerButtons.json */,
			);
			path = Controls;
			sourceTree = "<group>";
		};
		96D60F1229DF572300D2C1C3 /* Objects */ = {
			isa = PBXGroup;
			children = (
				962F255729D17C51007D46B7 /* enemyObjects.json */,
				96540525298C22EF00620E76 /* importantObjects.json */,
				96D60F0529D99B6500D2C1C3 /* trapObjects.json */,
				9601D6B529E1D038006624C6 /* collectibleObjects.json */,
				9601D6BB29E1D1C7006624C6 /* containerObjects.json */,
				9601D6C029E1F00E006624C6 /* playerObject.json */,
				9601D6C229E1F020006624C6 /* npcObjects.json */,
				964435C529E6F81900812B7A /* effectObjects.json */,
			);
			path = Objects;
			sourceTree = "<group>";
		};
		96D60F1429DF589D00D2C1C3 /* Level */ = {
			isa = PBXGroup;
			children = (
				962F255129D0B618007D46B7 /* LevelStructure.swift */,
				96D60F2E29E03F1500D2C1C3 /* LevelConversation.swift */,
				96D60F3929E171B000D2C1C3 /* LevelBackground.swift */,
				9601D6BE29E1EE59006624C6 /* LevelProtocol.swift */,
				9601D6C429E22270006624C6 /* LevelObject.swift */,
				9625A9F529E2ECBE0089F309 /* LevelCinematic.swift */,
			);
			path = Level;
			sourceTree = "<group>";
		};
		96D60F1529DF58C100D2C1C3 /* Game */ = {
			isa = PBXGroup;
			children = (
				9601D6BA29E1D11E006624C6 /* Main */,
				9625A9FE29E43F800089F309 /* Cinematic */,
				9625A9FD29E43F7B0089F309 /* Dialog */,
				9601D6B729E1D0E2006624C6 /* Objects */,
				9601D6B829E1D0F6006624C6 /* Others */,
				9601D6B929E1D103006624C6 /* Characters */,
			);
			path = Game;
			sourceTree = "<group>";
		};
		96D60F1C29DF667300D2C1C3 /* Keys */ = {
			isa = PBXGroup;
			children = (
				964E7E5B29C46240003CE54B /* SoundKey.swift */,
				964E7E6129C46278003CE54B /* JSONKey.swift */,
				964E7E5D29C4624E003CE54B /* NodeKey.swift */,
				964E7E5F29C4626B003CE54B /* ImageKey.swift */,
			);
			path = Keys;
			sourceTree = "<group>";
		};
		96D60F1D29DF668E00D2C1C3 /* Configurations */ = {
			isa = PBXGroup;
			children = (
				96D60F1A29DF659D00D2C1C3 /* SceneConfiguration.swift */,
				964E7E6329C46291003CE54B /* PlayerConfiguration.swift */,
			);
			path = Configurations;
			sourceTree = "<group>";
		};
		96D60F1F29E0040F00D2C1C3 /* Backgrounds */ = {
			isa = PBXGroup;
			children = (
				96D60F4329E19E0E00D2C1C3 /* Water Music.wav */,
				96D60F2029E0041600D2C1C3 /* Cavern */,
			);
			path = Backgrounds;
			sourceTree = "<group>";
		};
		96D60F2029E0041600D2C1C3 /* Cavern */ = {
			isa = PBXGroup;
			children = (
				96D60ECE29D77EA300D2C1C3 /* cavernBS.wav */,
				96D60EDA29D85EE000D2C1C3 /* cavernBS_2.wav */,
				96D60F2429E0084B00D2C1C3 /* cavern_power_BS.wav */,
			);
			path = Cavern;
			sourceTree = "<group>";
		};
		96D60F2129E0042300D2C1C3 /* Player */ = {
			isa = PBXGroup;
			children = (
				96D60EE029D87FD800D2C1C3 /* stepSound.wav */,
				96D60EDE29D87D0A00D2C1C3 /* cavernLandSound.wav */,
			);
			path = Player;
			sourceTree = "<group>";
		};
		96D60F3029E03FDD00D2C1C3 /* Miscellaneous */ = {
			isa = PBXGroup;
			children = (
				96D60F3129E0400100D2C1C3 /* conversations.json */,
				96D60F3329E04F9600D2C1C3 /* characters.json */,
				9625A9F929E306C40089F309 /* cinematics.json */,
			);
			path = Miscellaneous;
			sourceTree = "<group>";
		};
		96D60F3D29E17BDE00D2C1C3 /* Player */ = {
			isa = PBXGroup;
			children = (
				96FE62A0298AD81A00B2C614 /* Player.swift */,
				964E7E4729BE6D5F003CE54B /* PlayerInteractionStatus.swift */,
				96D60F1629DF60B000D2C1C3 /* PlayerState.swift */,
			);
			path = Player;
			sourceTree = "<group>";
		};
		96EE967A298D8DDB00273A9D /* Resources */ = {
			isa = PBXGroup;
			children = (
				964E7E4D29C1FC6A003CE54B /* JSONs */,
				96EE96A4298FCE5000273A9D /* Images */,
				96EE96A3298FCE4200273A9D /* Fonts */,
				96EE96A0298FCE0C00273A9D /* Sounds */,
			);
			path = Resources;
			sourceTree = "<group>";
		};
		96EE9696298EB14C00273A9D /* Supporting Files */ = {
			isa = PBXGroup;
			children = (
				96540539298C339800620E76 /* Info.plist */,
			);
			path = "Supporting Files";
			sourceTree = "<group>";
		};
		96EE9699298EB1F500273A9D /* App */ = {
			isa = PBXGroup;
			children = (
				96B7F80529B53560001584E3 /* Save */,
				962A0CC229891900004DB446 /* ContentView.swift */,
				962A0CC029891900004DB446 /* PlatformHourApp.swift */,
			);
			path = App;
			sourceTree = "<group>";
		};
		96EE96A0298FCE0C00273A9D /* Sounds */ = {
			isa = PBXGroup;
			children = (
				9601D6BD29E1DE81006624C6 /* Commons */,
				96D60EE229D8A86200D2C1C3 /* Gems */,
				96D60F2129E0042300D2C1C3 /* Player */,
				96D60F1F29E0040F00D2C1C3 /* Backgrounds */,
			);
			path = Sounds;
			sourceTree = "<group>";
		};
		96EE96A3298FCE4200273A9D /* Fonts */ = {
			isa = PBXGroup;
			children = (
				9625AA0129E496910089F309 /* Retro Computer.ttf */,
				9625A9F329E2E29D0089F309 /* Daydream.ttf */,
				96D60F2A29E02A0D00D2C1C3 /* Outline Pixel7 Solid.ttf */,
			);
			path = Fonts;
			sourceTree = "<group>";
		};
		96EE96A4298FCE5000273A9D /* Images */ = {
			isa = PBXGroup;
			children = (
				962A0CC429891901004DB446 /* Assets.xcassets */,
			);
			path = Images;
			sourceTree = "<group>";
		};
		96EE96BA2990143500273A9D /* BUGS */ = {
			isa = PBXGroup;
			children = (
				96EE96BB2990143F00273A9D /* BugFile.swift */,
			);
			path = BUGS;
			sourceTree = "<group>";
		};
		96FE62A2298AE57600B2C614 /* Game Characters */ = {
			isa = PBXGroup;
			children = (
				96D60F3D29E17BDE00D2C1C3 /* Player */,
			);
			path = "Game Characters";
			sourceTree = "<group>";
		};
		96FE62A3298AE58900B2C614 /* Scenes */ = {
			isa = PBXGroup;
			children = (
				962A0CCE29891B8B004DB446 /* GameScene.swift */,
			);
			path = Scenes;
			sourceTree = "<group>";
		};
		96FE62A9298B8C5200B2C614 /* Models */ = {
			isa = PBXGroup;
			children = (
				964E7E5A29C46231003CE54B /* Configuration */,
				96D60F1529DF58C100D2C1C3 /* Game */,
				96D60F1429DF589D00D2C1C3 /* Level */,
				964E7E5129C20385003CE54B /* Miscellaneous */,
				96FE62A2298AE57600B2C614 /* Game Characters */,
			);
			path = Models;
			sourceTree = "<group>";
		};
/* End PBXGroup section */

/* Begin PBXNativeTarget section */
		962A0CBC29891900004DB446 /* PlatformHour */ = {
			isa = PBXNativeTarget;
			buildConfigurationList = 962A0CCB29891901004DB446 /* Build configuration list for PBXNativeTarget "PlatformHour" */;
			buildPhases = (
				962A0CB929891900004DB446 /* Sources */,
				962A0CBA29891900004DB446 /* Frameworks */,
				962A0CBB29891900004DB446 /* Resources */,
			);
			buildRules = (
			);
			dependencies = (
			);
			name = PlatformHour;
			packageProductDependencies = (
				96EE977A299420A200273A9D /* PlayfulKit */,
			);
			productName = PlatformHour;
			productReference = 962A0CBD29891900004DB446 /* PlatformHour.app */;
			productType = "com.apple.product-type.application";
		};
/* End PBXNativeTarget section */

/* Begin PBXProject section */
		962A0CB529891900004DB446 /* Project object */ = {
			isa = PBXProject;
			attributes = {
				BuildIndependentTargetsInParallel = 1;
				LastSwiftUpdateCheck = 1420;
				LastUpgradeCheck = 1420;
				TargetAttributes = {
					962A0CBC29891900004DB446 = {
						CreatedOnToolsVersion = 14.2;
					};
				};
			};
			buildConfigurationList = 962A0CB829891900004DB446 /* Build configuration list for PBXProject "PlatformHour" */;
			compatibilityVersion = "Xcode 14.0";
			developmentRegion = en;
			hasScannedForEncodings = 0;
			knownRegions = (
				en,
				Base,
			);
			mainGroup = 962A0CB429891900004DB446;
			packageReferences = (
				96EE9779299420A200273A9D /* XCRemoteSwiftPackageReference "PlayfulKitPackage" */,
			);
			productRefGroup = 962A0CBE29891900004DB446 /* Products */;
			projectDirPath = "";
			projectRoot = "";
			targets = (
				962A0CBC29891900004DB446 /* PlatformHour */,
			);
		};
/* End PBXProject section */

/* Begin PBXResourcesBuildPhase section */
		962A0CBB29891900004DB446 /* Resources */ = {
			isa = PBXResourcesBuildPhase;
			buildActionMask = 2147483647;
			files = (
				96D60F2529E0084C00D2C1C3 /* cavern_power_BS.wav in Resources */,
				96D60EDF29D87D0A00D2C1C3 /* cavernLandSound.wav in Resources */,
				96D60EF029D8A88F00D2C1C3 /* ChimeraBellsF.wav in Resources */,
				9625A9FA29E306C40089F309 /* cinematics.json in Resources */,
				962A0CC829891901004DB446 /* Preview Assets.xcassets in Resources */,
				96D60EF229D8A88F00D2C1C3 /* ChimeraBellsS.wav in Resources */,
				9601D6C129E1F00E006624C6 /* playerObject.json in Resources */,
				96D60F0629D99B6500D2C1C3 /* trapObjects.json in Resources */,
				96540526298C22EF00620E76 /* importantObjects.json in Resources */,
				96D60EEE29D8A88F00D2C1C3 /* ChimeraBellsÀ.wav in Resources */,
				96D60F4229E19AB700D2C1C3 /* TextTypingSound.wav in Resources */,
				96D60EDB29D85EE000D2C1C3 /* cavernBS_2.wav in Resources */,
				9601D6BC29E1D1C7006624C6 /* containerObjects.json in Resources */,
				96D60F2B29E02A0E00D2C1C3 /* Outline Pixel7 Solid.ttf in Resources */,
				9619466A29969407000859C8 /* levels.json in Resources */,
				962A0CC529891901004DB446 /* Assets.xcassets in Resources */,
				96D60EE129D87FD800D2C1C3 /* stepSound.wav in Resources */,
				96D60EF629D8A88F00D2C1C3 /* ChimeraBellsG.wav in Resources */,
				96D60EEF29D8A88F00D2C1C3 /* ChimeraBellsK.wav in Resources */,
				96D60F4429E19E0E00D2C1C3 /* Water Music.wav in Resources */,
				96D60EF729D8A88F00D2C1C3 /* ChimeraBellsA.wav in Resources */,
				964435C629E6F81A00812B7A /* effectObjects.json in Resources */,
				962F255829D17C51007D46B7 /* enemyObjects.json in Resources */,
				96D60EF829D8A88F00D2C1C3 /* ChimeraBellsH.wav in Resources */,
				9625A9F429E2E29D0089F309 /* Daydream.ttf in Resources */,
				96D60F3429E04F9600D2C1C3 /* characters.json in Resources */,
				96D60EF429D8A88F00D2C1C3 /* ChimeraBellsÒ.wav in Resources */,
				9625AA0229E496910089F309 /* Retro Computer.ttf in Resources */,
				96D60F3229E0400100D2C1C3 /* conversations.json in Resources */,
				96D60EF529D8A88F00D2C1C3 /* ChimeraBellsJ.wav in Resources */,
				96D60EF129D8A88F00D2C1C3 /* ChimeraBellsD.wav in Resources */,
				9601D6C329E1F020006624C6 /* npcObjects.json in Resources */,
				9601D6B629E1D038006624C6 /* collectibleObjects.json in Resources */,
				96D60EF329D8A88F00D2C1C3 /* ChimeraBellsL.wav in Resources */,
				9619466429968F0C000859C8 /* worlds.json in Resources */,
				96D60F0A29DF3B0000D2C1C3 /* structures.json in Resources */,
				96D60ECF29D77EA300D2C1C3 /* cavernBS.wav in Resources */,
				964E7E5029C1FE3B003CE54B /* controllerButtons.json in Resources */,
			);
			runOnlyForDeploymentPostprocessing = 0;
		};
/* End PBXResourcesBuildPhase section */

/* Begin PBXSourcesBuildPhase section */
		962A0CB929891900004DB446 /* Sources */ = {
			isa = PBXSourcesBuildPhase;
			buildActionMask = 2147483647;
			files = (
				96540536298C27FB00620E76 /* ActionLogic.swift in Sources */,
				964E7E4C29C1FA24003CE54B /* ControllerButton.swift in Sources */,
				96FE62A1298AD81A00B2C614 /* Player.swift in Sources */,
				964435BB29E6ADB200812B7A /* GameCharacterCinematicActionMovement.swift in Sources */,
				961946622996894F000859C8 /* GameWorld.swift in Sources */,
				964E7E4829BE6D5F003CE54B /* PlayerInteractionStatus.swift in Sources */,
				964435BD29E6ADC400812B7A /* GameCharacterCinematicActionEffect.swift in Sources */,
				96EE96A6298FCE9E00273A9D /* GameSound.swift in Sources */,
				964E7E6429C46291003CE54B /* PlayerConfiguration.swift in Sources */,
				964626BB29CF6F9E00A872A5 /* SpiralStructureConstruct.swift in Sources */,
				96B7F80729B5358C001584E3 /* PersistenceController.swift in Sources */,
				962A0CCF29891B8B004DB446 /* GameScene.swift in Sources */,
				96D60F2F29E03F1500D2C1C3 /* LevelConversation.swift in Sources */,
				96B7F80E29B788DA001584E3 /* GameCore.swift in Sources */,
				9619465F29968760000859C8 /* Game.swift in Sources */,
				9625A9F829E2ECD30089F309 /* GameCinematic.swift in Sources */,
				96FE62B5298BCF0B00B2C614 /* GameAnimation.swift in Sources */,
				96EE96BC2990143F00273A9D /* BugFile.swift in Sources */,
				962A0D1829892736004DB446 /* GameControllerManager.swift in Sources */,
				962F255229D0B618007D46B7 /* LevelStructure.swift in Sources */,
				9601D6C529E22270006624C6 /* LevelObject.swift in Sources */,
				9654052C298C249600620E76 /* GameCamera.swift in Sources */,
				96FE62B0298BAFAD00B2C614 /* GameCollision.swift in Sources */,
				964E7E6229C46278003CE54B /* JSONKey.swift in Sources */,
				96D60F3A29E171B000D2C1C3 /* LevelBackground.swift in Sources */,
				962A0CC329891900004DB446 /* ContentView.swift in Sources */,
				9625A9FC29E30D810089F309 /* GameAnimationEffect.swift in Sources */,
				964E7E5529C260A5003CE54B /* GameObjectLogic.swift in Sources */,
				964626BD29CF6FDA00A872A5 /* SpiralStructurePattern.swift in Sources */,
				96FE6314298C1E1600B2C614 /* CollisionLogic.swift in Sources */,
				964E7E4A29C0FE5E003CE54B /* GameEvent.swift in Sources */,
				96D60F1729DF60B000D2C1C3 /* PlayerState.swift in Sources */,
				962A0CC129891900004DB446 /* PlatformHourApp.swift in Sources */,
				9625AA0029E457350089F309 /* GameCharacterCinematicAction.swift in Sources */,
				96D60F3629E0544300D2C1C3 /* GameCharacter.swift in Sources */,
				96540528298C23B700620E76 /* GameLevel.swift in Sources */,
				96D60F1B29DF659D00D2C1C3 /* SceneConfiguration.swift in Sources */,
				9625A9F629E2ECBE0089F309 /* LevelCinematic.swift in Sources */,
				96540530298C263E00620E76 /* GameEnvironment.swift in Sources */,
				96540532298C270100620E76 /* GameContent.swift in Sources */,
				964E7E6829C462D3003CE54B /* GameConfiguration.swift in Sources */,
				96D60F1929DF640B00D2C1C3 /* StructurePattern.swift in Sources */,
				964E7E5329C26092003CE54B /* GameObjectAnimation.swift in Sources */,
				96540522298C21F800620E76 /* GameObject.swift in Sources */,
				964E7E5C29C46240003CE54B /* SoundKey.swift in Sources */,
				96EE96B5298FF9BB00273A9D /* GameState.swift in Sources */,
				96D60F2D29E02D3500D2C1C3 /* GameConversation.swift in Sources */,
				96EE969B298FB1A000273A9D /* GameLogic.swift in Sources */,
				964E7E5E29C4624E003CE54B /* NodeKey.swift in Sources */,
				96D60F3829E05F1F00D2C1C3 /* GameCharacterDialog.swift in Sources */,
				9601D6BF29E1EE59006624C6 /* LevelProtocol.swift in Sources */,
				96B7F80A29B535D6001584E3 /* PlatformHour.xcdatamodeld in Sources */,
				964E7E6029C4626B003CE54B /* ImageKey.swift in Sources */,
				96EE96B929900E2B00273A9D /* GameHUD.swift in Sources */,
			);
			runOnlyForDeploymentPostprocessing = 0;
		};
/* End PBXSourcesBuildPhase section */

/* Begin XCBuildConfiguration section */
		962A0CC929891901004DB446 /* Debug */ = {
			isa = XCBuildConfiguration;
			buildSettings = {
				ALWAYS_SEARCH_USER_PATHS = NO;
				CLANG_ANALYZER_NONNULL = YES;
				CLANG_ANALYZER_NUMBER_OBJECT_CONVERSION = YES_AGGRESSIVE;
				CLANG_CXX_LANGUAGE_STANDARD = "gnu++20";
				CLANG_ENABLE_MODULES = YES;
				CLANG_ENABLE_OBJC_ARC = YES;
				CLANG_ENABLE_OBJC_WEAK = YES;
				CLANG_WARN_BLOCK_CAPTURE_AUTORELEASING = YES;
				CLANG_WARN_BOOL_CONVERSION = YES;
				CLANG_WARN_COMMA = YES;
				CLANG_WARN_CONSTANT_CONVERSION = YES;
				CLANG_WARN_DEPRECATED_OBJC_IMPLEMENTATIONS = YES;
				CLANG_WARN_DIRECT_OBJC_ISA_USAGE = YES_ERROR;
				CLANG_WARN_DOCUMENTATION_COMMENTS = YES;
				CLANG_WARN_EMPTY_BODY = YES;
				CLANG_WARN_ENUM_CONVERSION = YES;
				CLANG_WARN_INFINITE_RECURSION = YES;
				CLANG_WARN_INT_CONVERSION = YES;
				CLANG_WARN_NON_LITERAL_NULL_CONVERSION = YES;
				CLANG_WARN_OBJC_IMPLICIT_RETAIN_SELF = YES;
				CLANG_WARN_OBJC_LITERAL_CONVERSION = YES;
				CLANG_WARN_OBJC_ROOT_CLASS = YES_ERROR;
				CLANG_WARN_QUOTED_INCLUDE_IN_FRAMEWORK_HEADER = YES;
				CLANG_WARN_RANGE_LOOP_ANALYSIS = YES;
				CLANG_WARN_STRICT_PROTOTYPES = YES;
				CLANG_WARN_SUSPICIOUS_MOVE = YES;
				CLANG_WARN_UNGUARDED_AVAILABILITY = YES_AGGRESSIVE;
				CLANG_WARN_UNREACHABLE_CODE = YES;
				CLANG_WARN__DUPLICATE_METHOD_MATCH = YES;
				COPY_PHASE_STRIP = NO;
				DEBUG_INFORMATION_FORMAT = dwarf;
				ENABLE_STRICT_OBJC_MSGSEND = YES;
				ENABLE_TESTABILITY = YES;
				GCC_C_LANGUAGE_STANDARD = gnu11;
				GCC_DYNAMIC_NO_PIC = NO;
				GCC_NO_COMMON_BLOCKS = YES;
				GCC_OPTIMIZATION_LEVEL = 0;
				GCC_PREPROCESSOR_DEFINITIONS = (
					"DEBUG=1",
					"$(inherited)",
				);
				GCC_WARN_64_TO_32_BIT_CONVERSION = YES;
				GCC_WARN_ABOUT_RETURN_TYPE = YES_ERROR;
				GCC_WARN_UNDECLARED_SELECTOR = YES;
				GCC_WARN_UNINITIALIZED_AUTOS = YES_AGGRESSIVE;
				GCC_WARN_UNUSED_FUNCTION = YES;
				GCC_WARN_UNUSED_VARIABLE = YES;
				IPHONEOS_DEPLOYMENT_TARGET = 16.2;
				MTL_ENABLE_DEBUG_INFO = INCLUDE_SOURCE;
				MTL_FAST_MATH = YES;
				ONLY_ACTIVE_ARCH = YES;
				SDKROOT = iphoneos;
				SWIFT_ACTIVE_COMPILATION_CONDITIONS = DEBUG;
				SWIFT_OPTIMIZATION_LEVEL = "-Onone";
			};
			name = Debug;
		};
		962A0CCA29891901004DB446 /* Release */ = {
			isa = XCBuildConfiguration;
			buildSettings = {
				ALWAYS_SEARCH_USER_PATHS = NO;
				CLANG_ANALYZER_NONNULL = YES;
				CLANG_ANALYZER_NUMBER_OBJECT_CONVERSION = YES_AGGRESSIVE;
				CLANG_CXX_LANGUAGE_STANDARD = "gnu++20";
				CLANG_ENABLE_MODULES = YES;
				CLANG_ENABLE_OBJC_ARC = YES;
				CLANG_ENABLE_OBJC_WEAK = YES;
				CLANG_WARN_BLOCK_CAPTURE_AUTORELEASING = YES;
				CLANG_WARN_BOOL_CONVERSION = YES;
				CLANG_WARN_COMMA = YES;
				CLANG_WARN_CONSTANT_CONVERSION = YES;
				CLANG_WARN_DEPRECATED_OBJC_IMPLEMENTATIONS = YES;
				CLANG_WARN_DIRECT_OBJC_ISA_USAGE = YES_ERROR;
				CLANG_WARN_DOCUMENTATION_COMMENTS = YES;
				CLANG_WARN_EMPTY_BODY = YES;
				CLANG_WARN_ENUM_CONVERSION = YES;
				CLANG_WARN_INFINITE_RECURSION = YES;
				CLANG_WARN_INT_CONVERSION = YES;
				CLANG_WARN_NON_LITERAL_NULL_CONVERSION = YES;
				CLANG_WARN_OBJC_IMPLICIT_RETAIN_SELF = YES;
				CLANG_WARN_OBJC_LITERAL_CONVERSION = YES;
				CLANG_WARN_OBJC_ROOT_CLASS = YES_ERROR;
				CLANG_WARN_QUOTED_INCLUDE_IN_FRAMEWORK_HEADER = YES;
				CLANG_WARN_RANGE_LOOP_ANALYSIS = YES;
				CLANG_WARN_STRICT_PROTOTYPES = YES;
				CLANG_WARN_SUSPICIOUS_MOVE = YES;
				CLANG_WARN_UNGUARDED_AVAILABILITY = YES_AGGRESSIVE;
				CLANG_WARN_UNREACHABLE_CODE = YES;
				CLANG_WARN__DUPLICATE_METHOD_MATCH = YES;
				COPY_PHASE_STRIP = NO;
				DEBUG_INFORMATION_FORMAT = "dwarf-with-dsym";
				ENABLE_NS_ASSERTIONS = NO;
				ENABLE_STRICT_OBJC_MSGSEND = YES;
				GCC_C_LANGUAGE_STANDARD = gnu11;
				GCC_NO_COMMON_BLOCKS = YES;
				GCC_WARN_64_TO_32_BIT_CONVERSION = YES;
				GCC_WARN_ABOUT_RETURN_TYPE = YES_ERROR;
				GCC_WARN_UNDECLARED_SELECTOR = YES;
				GCC_WARN_UNINITIALIZED_AUTOS = YES_AGGRESSIVE;
				GCC_WARN_UNUSED_FUNCTION = YES;
				GCC_WARN_UNUSED_VARIABLE = YES;
				IPHONEOS_DEPLOYMENT_TARGET = 16.2;
				MTL_ENABLE_DEBUG_INFO = NO;
				MTL_FAST_MATH = YES;
				SDKROOT = iphoneos;
				SWIFT_COMPILATION_MODE = wholemodule;
				SWIFT_OPTIMIZATION_LEVEL = "-O";
				VALIDATE_PRODUCT = YES;
			};
			name = Release;
		};
		962A0CCC29891901004DB446 /* Debug */ = {
			isa = XCBuildConfiguration;
			buildSettings = {
				ASSETCATALOG_COMPILER_APPICON_NAME = AppIcon;
				ASSETCATALOG_COMPILER_GLOBAL_ACCENT_COLOR_NAME = AccentColor;
				CODE_SIGN_STYLE = Automatic;
				CURRENT_PROJECT_VERSION = 1;
				DEVELOPMENT_ASSET_PATHS = "\"PlatformHour/Preview Content\"";
				DEVELOPMENT_TEAM = Q6DV6C6352;
				ENABLE_PREVIEWS = YES;
				GENERATE_INFOPLIST_FILE = YES;
				INFOPLIST_FILE = "PlatformHour/Supporting Files/Info.plist";
				INFOPLIST_KEY_UIApplicationSupportsIndirectInputEvents = YES;
				INFOPLIST_KEY_UILaunchScreen_Generation = YES;
				INFOPLIST_KEY_UISupportedInterfaceOrientations = "UIInterfaceOrientationLandscapeLeft UIInterfaceOrientationLandscapeRight";
				INFOPLIST_KEY_UISupportedInterfaceOrientations_iPad = "UIInterfaceOrientationLandscapeLeft UIInterfaceOrientationLandscapeRight UIInterfaceOrientationPortrait UIInterfaceOrientationPortraitUpsideDown";
				LD_RUNPATH_SEARCH_PATHS = (
					"$(inherited)",
					"@executable_path/Frameworks",
				);
				MARKETING_VERSION = 1.0;
				PRODUCT_BUNDLE_IDENTIFIER = yann.PlatformHour;
				PRODUCT_NAME = "$(TARGET_NAME)";
				SWIFT_EMIT_LOC_STRINGS = YES;
				SWIFT_VERSION = 5.0;
				TARGETED_DEVICE_FAMILY = "1,2";
			};
			name = Debug;
		};
		962A0CCD29891901004DB446 /* Release */ = {
			isa = XCBuildConfiguration;
			buildSettings = {
				ASSETCATALOG_COMPILER_APPICON_NAME = AppIcon;
				ASSETCATALOG_COMPILER_GLOBAL_ACCENT_COLOR_NAME = AccentColor;
				CODE_SIGN_STYLE = Automatic;
				CURRENT_PROJECT_VERSION = 1;
				DEVELOPMENT_ASSET_PATHS = "\"PlatformHour/Preview Content\"";
				DEVELOPMENT_TEAM = Q6DV6C6352;
				ENABLE_PREVIEWS = YES;
				GENERATE_INFOPLIST_FILE = YES;
				INFOPLIST_FILE = "PlatformHour/Supporting Files/Info.plist";
				INFOPLIST_KEY_UIApplicationSupportsIndirectInputEvents = YES;
				INFOPLIST_KEY_UILaunchScreen_Generation = YES;
				INFOPLIST_KEY_UISupportedInterfaceOrientations = "UIInterfaceOrientationLandscapeLeft UIInterfaceOrientationLandscapeRight";
				INFOPLIST_KEY_UISupportedInterfaceOrientations_iPad = "UIInterfaceOrientationLandscapeLeft UIInterfaceOrientationLandscapeRight UIInterfaceOrientationPortrait UIInterfaceOrientationPortraitUpsideDown";
				LD_RUNPATH_SEARCH_PATHS = (
					"$(inherited)",
					"@executable_path/Frameworks",
				);
				MARKETING_VERSION = 1.0;
				PRODUCT_BUNDLE_IDENTIFIER = yann.PlatformHour;
				PRODUCT_NAME = "$(TARGET_NAME)";
				SWIFT_EMIT_LOC_STRINGS = YES;
				SWIFT_VERSION = 5.0;
				TARGETED_DEVICE_FAMILY = "1,2";
			};
			name = Release;
		};
/* End XCBuildConfiguration section */

/* Begin XCConfigurationList section */
		962A0CB829891900004DB446 /* Build configuration list for PBXProject "PlatformHour" */ = {
			isa = XCConfigurationList;
			buildConfigurations = (
				962A0CC929891901004DB446 /* Debug */,
				962A0CCA29891901004DB446 /* Release */,
			);
			defaultConfigurationIsVisible = 0;
			defaultConfigurationName = Release;
		};
		962A0CCB29891901004DB446 /* Build configuration list for PBXNativeTarget "PlatformHour" */ = {
			isa = XCConfigurationList;
			buildConfigurations = (
				962A0CCC29891901004DB446 /* Debug */,
				962A0CCD29891901004DB446 /* Release */,
			);
			defaultConfigurationIsVisible = 0;
			defaultConfigurationName = Release;
		};
/* End XCConfigurationList section */

/* Begin XCRemoteSwiftPackageReference section */
		96EE9779299420A200273A9D /* XCRemoteSwiftPackageReference "PlayfulKitPackage" */ = {
			isa = XCRemoteSwiftPackageReference;
			repositoryURL = "https://github.com/nokuni/PlayfulKitPackage";
			requirement = {
				branch = main;
				kind = branch;
			};
		};
/* End XCRemoteSwiftPackageReference section */

/* Begin XCSwiftPackageProductDependency section */
		96EE977A299420A200273A9D /* PlayfulKit */ = {
			isa = XCSwiftPackageProductDependency;
			package = 96EE9779299420A200273A9D /* XCRemoteSwiftPackageReference "PlayfulKitPackage" */;
			productName = PlayfulKit;
		};
/* End XCSwiftPackageProductDependency section */

/* Begin XCVersionGroup section */
		96B7F80829B535D6001584E3 /* PlatformHour.xcdatamodeld */ = {
			isa = XCVersionGroup;
			children = (
				96B7F80929B535D6001584E3 /* PlatformHour.xcdatamodel */,
			);
			currentVersion = 96B7F80929B535D6001584E3 /* PlatformHour.xcdatamodel */;
			path = PlatformHour.xcdatamodeld;
			sourceTree = "<group>";
			versionGroupType = wrapper.xcdatamodel;
		};
/* End XCVersionGroup section */
	};
	rootObject = 962A0CB529891900004DB446 /* Project object */;
}
